github.com/gorilla/mux v1.8.0 h1:i40aqfkR1h2SlN9hojwV5ZA91wcXFOvkdNIeFDP5koI=
github.com/gorilla/mux v1.8.0/go.mod h1:DVbg23sWSpFRCP0SfiEN6jmj59UnW/n46BH5rLB71So=
github.com/humamfauzi/go-notification v0.0.0-20210205111312-1108a4535f99 h1:CNmdpweNEknq1J9mmd/5YjU0pZDhUDRRR0Bjs8kf8HQ=
github.com/humamfauzi/go-notification v0.0.0-20210205111312-1108a4535f99/go.mod h1:T8HziJMnVrciC/ZF/tqbAzPFwe+zf9O7YQwDLRrucCk=
