github.com/dgrijalva/jwt-go v3.2.0+incompatible h1:7qlOGliEKZXTDg6OTjfoBKDXWrumCAMpl/TFQ4/5kLM=
github.com/dgrijalva/jwt-go v3.2.0+incompatible/go.mod h1:E3ru+11k8xSBh+hMPgOLZmtrrCbhqsmaPHjLKYnJCaQ=
github.com/go-sql-driver/mysql v1.5.0 h1:ozyZYNQW3x3HtqT1jira07DN2PArx2v7/mN66gGcHOs=
github.com/go-sql-driver/mysql v1.5.0/go.mod h1:DCzpHaOWr8IXmIStZouvnhqoel9Qv2LBy8hT2VhHyBg=
github.com/gorilla/mux v1.8.0 h1:i40aqfkR1h2SlN9hojwV5ZA91wcXFOvkdNIeFDP5koI=
github.com/gorilla/mux v1.8.0/go.mod h1:DVbg23sWSpFRCP0SfiEN6jmj59UnW/n46BH5rLB71So=
github.com/humamfauzi/go-notification v0.0.0-20210206024901-fa30402251ae h1:IhP6oYeiHlfBAoYNHEgjoyqElAFbbPgMfKaHYeHRBWA=
github.com/humamfauzi/go-notification v0.0.0-20210206024901-fa30402251ae/go.mod h1:T8HziJMnVrciC/ZF/tqbAzPFwe+zf9O7YQwDLRrucCk=
github.com/humamfauzi/go-notification v0.0.2 h1:OGIjW7NtV5V414QqPvsp7jIDwdWG+Z83Gn2BdymR4oQ=
github.com/humamfauzi/go-notification v0.0.2/go.mod h1:T8HziJMnVrciC/ZF/tqbAzPFwe+zf9O7YQwDLRrucCk=
github.com/humamfauzi/go-notification v0.0.5 h1:lOfOTBu9gGv5j2N+7yIRxyLVuumgvM3135+7zUTNz4U=
github.com/humamfauzi/go-notification v0.0.5/go.mod h1:T8HziJMnVrciC/ZF/tqbAzPFwe+zf9O7YQwDLRrucCk=
github.com/humamfauzi/go-notification/auth v0.0.0-20210213122405-5feed8abd13f h1:tvLar7JDfKFbHgD/ATjTsx2l6TAwz5UCvZE4OB42y2E=
github.com/humamfauzi/go-notification/auth v0.0.0-20210213122405-5feed8abd13f/go.mod h1:iMLcgNukL5MDMk3tQyKbvb6XE6XQ/yMzJW+Bm19mAOM=
github.com/humamfauzi/go-notification/database v0.0.0-20210213120657-a140707de45b h1:7zlKA/ePMrqnPWYQNih3hwiR01rgKb/0i85ZJByqPJI=
github.com/humamfauzi/go-notification/database v0.0.0-20210213120657-a140707de45b/go.mod h1:wMux9tq+VGwTW3BafMjKehQNo9mNhY64t05AcqgiCJE=
github.com/humamfauzi/go-notification/database v0.0.0-20210213122405-5feed8abd13f h1:Fu9FR9LaqqiUwqadSFwJyIY8s2RyqHYHS1Cmyz5aDjc=
github.com/humamfauzi/go-notification/database v0.0.0-20210213122405-5feed8abd13f/go.mod h1:/8jegcWEJuCR0ToLCGrY/8CzVojGQN73bdNckrKrTTE=
github.com/humamfauzi/go-notification/utils v0.0.0-20210213100031-c9a8350bbdca h1:Df3Fg+YknbUdptUEOJEOVf/hcrwDKdgAPYnJr9Mn9ls=
github.com/humamfauzi/go-notification/utils v0.0.0-20210213100031-c9a8350bbdca/go.mod h1:Ij+iBPIBIGArmxmC+TFTU7DB5hGfifagm0EVS+bPTpo=
github.com/humamfauzi/go-notification/utils v0.0.0-20210213122405-5feed8abd13f h1:Agtg7Es3MyPNvOppLzGFunn8UNfg6uHyTCKakkELvyo=
github.com/humamfauzi/go-notification/utils v0.0.0-20210213122405-5feed8abd13f/go.mod h1:Ij+iBPIBIGArmxmC+TFTU7DB5hGfifagm0EVS+bPTpo=
golang.org/x/crypto v0.0.0-20190308221718-c2843e01d9a2/go.mod h1:djNgcEr1/C05ACkg1iLfiJU5Ep61QUkGW8qpdssI0+w=
golang.org/x/crypto v0.0.0-20201221181555-eec23a3978ad h1:DN0cp81fZ3njFcrLCytUHRSUkqBjfTo4Tx9RJTWs0EY=
golang.org/x/crypto v0.0.0-20201221181555-eec23a3978ad/go.mod h1:jdWPYTVW3xRLrWPugEBEK3UY2ZEsg3UU495nc5E+M+I=
golang.org/x/net v0.0.0-20190404232315-eb5bcb51f2a3/go.mod h1:t9HGtf8HONx5eT2rtn7q6eTqICYqUVnKs3thJo3Qplg=
golang.org/x/sys v0.0.0-20190215142949-d0b11bdaac8a/go.mod h1:STP8DvDyc/dI5b8T5hshtkjS+E42TnysNCUPdjciGhY=
golang.org/x/sys v0.0.0-20191026070338-33540a1f6037/go.mod h1:h1NjWce9XRLGQEsW7wpKNCjG9DtNlClVuFLEZdDNbEs=
golang.org/x/term v0.0.0-20201117132131-f5c789dd3221/go.mod h1:Nr5EML6q2oocZ2LXRh80K7BxOlk5/8JxuGnuhpl+muw=
golang.org/x/text v0.3.0/go.mod h1:NqM8EUOU14njkJ3fqMW+pc6Ldnwhi/IjpwHt7yyuwOQ=
