github.com/dgrijalva/jwt-go v3.2.0+incompatible h1:7qlOGliEKZXTDg6OTjfoBKDXWrumCAMpl/TFQ4/5kLM=
github.com/dgrijalva/jwt-go v3.2.0+incompatible/go.mod h1:E3ru+11k8xSBh+hMPgOLZmtrrCbhqsmaPHjLKYnJCaQ=
github.com/go-sql-driver/mysql v1.5.0 h1:ozyZYNQW3x3HtqT1jira07DN2PArx2v7/mN66gGcHOs=
github.com/go-sql-driver/mysql v1.5.0/go.mod h1:DCzpHaOWr8IXmIStZouvnhqoel9Qv2LBy8hT2VhHyBg=
github.com/gorilla/mux v1.8.0 h1:i40aqfkR1h2SlN9hojwV5ZA91wcXFOvkdNIeFDP5koI=
github.com/gorilla/mux v1.8.0/go.mod h1:DVbg23sWSpFRCP0SfiEN6jmj59UnW/n46BH5rLB71So=
github.com/humamfauzi/go-notification v0.0.0-20210206024901-fa30402251ae/go.mod h1:T8HziJMnVrciC/ZF/tqbAzPFwe+zf9O7YQwDLRrucCk=
github.com/humamfauzi/go-notification v0.0.5 h1:lOfOTBu9gGv5j2N+7yIRxyLVuumgvM3135+7zUTNz4U=
github.com/humamfauzi/go-notification v0.0.5/go.mod h1:T8HziJMnVrciC/ZF/tqbAzPFwe+zf9O7YQwDLRrucCk=
github.com/humamfauzi/go-notification v0.0.6 h1:Wp2ZODkJO84KhfkNgfduXNa0+N9rt1C+//jYMxzc5p8=
github.com/humamfauzi/go-notification v0.0.6/go.mod h1:T8HziJMnVrciC/ZF/tqbAzPFwe+zf9O7YQwDLRrucCk=
github.com/humamfauzi/go-notification v0.0.7-0.20210228094707-01e202ee10b8 h1:cAhK14VbdtJa5nWPOqUQuRN6YJNjfFG2r4gObUa2cFs=
github.com/humamfauzi/go-notification v0.0.7-0.20210228094707-01e202ee10b8/go.mod h1:T8HziJMnVrciC/ZF/tqbAzPFwe+zf9O7YQwDLRrucCk=
github.com/humamfauzi/go-notification/auth v0.0.0-20210213132805-d214952f3fa7 h1:3sD4w/CW7Ogc0WqRHH22ivZQqp7tx1v0nzOLPKUrPKE=
github.com/humamfauzi/go-notification/auth v0.0.0-20210213132805-d214952f3fa7/go.mod h1:gE7LUQrwPcmT016s6h6wCsuoszAPzAByhniK2Th452c=
github.com/humamfauzi/go-notification/auth v0.0.0-20210220023127-f3cd878ef32c h1:tjH3F9lJZ/pGwLQWsLLXriNy06ycjNLNSHZODMTt2AQ=
github.com/humamfauzi/go-notification/auth v0.0.0-20210220023127-f3cd878ef32c/go.mod h1:iMLcgNukL5MDMk3tQyKbvb6XE6XQ/yMzJW+Bm19mAOM=
github.com/humamfauzi/go-notification/auth v0.0.0-20210220090529-375e01726b51 h1:fgBVGQe9yQBA/00e0ykdwxvvRfNVmY0qFCMBrkzUeO8=
github.com/humamfauzi/go-notification/auth v0.0.0-20210220090529-375e01726b51/go.mod h1:iMLcgNukL5MDMk3tQyKbvb6XE6XQ/yMzJW+Bm19mAOM=
github.com/humamfauzi/go-notification/database v0.0.0-20210212140114-a0d0f90cb22d/go.mod h1:wMux9tq+VGwTW3BafMjKehQNo9mNhY64t05AcqgiCJE=
github.com/humamfauzi/go-notification/database v0.0.0-20210213122405-5feed8abd13f/go.mod h1:/8jegcWEJuCR0ToLCGrY/8CzVojGQN73bdNckrKrTTE=
github.com/humamfauzi/go-notification/database v0.0.0-20210213132805-d214952f3fa7 h1:klQN71S4jxJTeMLkAy2wbzUREzbFgvLLkRyYe/W2iOo=
github.com/humamfauzi/go-notification/database v0.0.0-20210213132805-d214952f3fa7/go.mod h1:/8jegcWEJuCR0ToLCGrY/8CzVojGQN73bdNckrKrTTE=
github.com/humamfauzi/go-notification/database v0.0.0-20210216232249-b8f79f43d34c h1:s+KDfHeMsO9KorfXM7tbUJjAVE8ysYmuH4ylf7TjTkA=
github.com/humamfauzi/go-notification/database v0.0.0-20210216232249-b8f79f43d34c/go.mod h1:/8jegcWEJuCR0ToLCGrY/8CzVojGQN73bdNckrKrTTE=
github.com/humamfauzi/go-notification/database v0.0.0-20210217002856-a46166be3c15 h1:S65vQn0VfQhJAzVKmRdeC4H44uQ51Kw+JK4zHcHgfYo=
github.com/humamfauzi/go-notification/database v0.0.0-20210217002856-a46166be3c15/go.mod h1:/8jegcWEJuCR0ToLCGrY/8CzVojGQN73bdNckrKrTTE=
github.com/humamfauzi/go-notification/database v0.0.0-20210220035236-7687fc39b841 h1:dpuLNNr94pctCkqltQ1FZmGVi+pOJ6u3nVDqQbf92uM=
github.com/humamfauzi/go-notification/database v0.0.0-20210220035236-7687fc39b841/go.mod h1:/8jegcWEJuCR0ToLCGrY/8CzVojGQN73bdNckrKrTTE=
github.com/humamfauzi/go-notification/database v0.0.0-20210220040234-414428055ba0 h1:BgzCWt/0x43OmjGz1Wmd6CXfic1VueZ+vV5Ep5qtHY4=
github.com/humamfauzi/go-notification/database v0.0.0-20210220040234-414428055ba0/go.mod h1:/8jegcWEJuCR0ToLCGrY/8CzVojGQN73bdNckrKrTTE=
github.com/humamfauzi/go-notification/database v0.0.0-20210220040409-994fe53d86c6 h1:H5aPWvvlpT65LS7l5sEM0gmSrqd9TAFAHwGGhWVzW54=
github.com/humamfauzi/go-notification/database v0.0.0-20210220040409-994fe53d86c6/go.mod h1:/8jegcWEJuCR0ToLCGrY/8CzVojGQN73bdNckrKrTTE=
github.com/humamfauzi/go-notification/database v0.0.0-20210220061002-f3f2cb55f20f h1:YjG8FKXicVdtNyz49WLOgSbCL7rsfkfjSFbjdnjjXKU=
github.com/humamfauzi/go-notification/database v0.0.0-20210220061002-f3f2cb55f20f/go.mod h1:/8jegcWEJuCR0ToLCGrY/8CzVojGQN73bdNckrKrTTE=
github.com/humamfauzi/go-notification/database v0.0.0-20210222002013-c61ae12f7dad h1:FeHFrHBLJK5w4lMk7QxsxA0RuLuDmaGiMHW4DB0pfas=
github.com/humamfauzi/go-notification/database v0.0.0-20210222002013-c61ae12f7dad/go.mod h1:/8jegcWEJuCR0ToLCGrY/8CzVojGQN73bdNckrKrTTE=
github.com/humamfauzi/go-notification/database v0.0.0-20210222004052-531b3aa55678 h1:a/DCgaQdG0OoqwcsIySdT3FPVInVRumrVZuq7+9AcC0=
github.com/humamfauzi/go-notification/database v0.0.0-20210222004052-531b3aa55678/go.mod h1:/8jegcWEJuCR0ToLCGrY/8CzVojGQN73bdNckrKrTTE=
github.com/humamfauzi/go-notification/database v0.0.0-20210228051052-e6a902798603 h1:nFlzuB9usoQ9OAYMlBk2G2CgqBFRK6Yd0tNwFo86uvw=
github.com/humamfauzi/go-notification/database v0.0.0-20210228051052-e6a902798603/go.mod h1:/8jegcWEJuCR0ToLCGrY/8CzVojGQN73bdNckrKrTTE=
github.com/humamfauzi/go-notification/database v0.0.0-20210228093758-cee6b00cafdd h1:UYlfXhtmg9JVkQnKj0tYgsjwdzqWBTweS0k3CLKfGP8=
github.com/humamfauzi/go-notification/database v0.0.0-20210228093758-cee6b00cafdd/go.mod h1:/8jegcWEJuCR0ToLCGrY/8CzVojGQN73bdNckrKrTTE=
github.com/humamfauzi/go-notification/database v0.0.0-20210228094707-01e202ee10b8 h1:D3vv+9pz4gTsVndQLDZywMB7/pX2Fc5ytS5Ih14+U4Q=
github.com/humamfauzi/go-notification/database v0.0.0-20210228094707-01e202ee10b8/go.mod h1:/8jegcWEJuCR0ToLCGrY/8CzVojGQN73bdNckrKrTTE=
github.com/humamfauzi/go-notification/database v0.0.0-20210306085608-4d8dc967714f h1:6wds1utcFbgJctHs7pJ4H2sRFpoBTQEMO7LdY9vW0OM=
github.com/humamfauzi/go-notification/database v0.0.0-20210306085608-4d8dc967714f/go.mod h1:/8jegcWEJuCR0ToLCGrY/8CzVojGQN73bdNckrKrTTE=
github.com/humamfauzi/go-notification/database v0.0.0-20210306101315-3267d31f2afd h1:X2C/r0e7FA10Z8F3uh/tcFSGO9p8l99ToDYERydNsmw=
github.com/humamfauzi/go-notification/database v0.0.0-20210306101315-3267d31f2afd/go.mod h1:/8jegcWEJuCR0ToLCGrY/8CzVojGQN73bdNckrKrTTE=
github.com/humamfauzi/go-notification/database v0.0.0-20210306133504-7520162a27e2 h1:y/2GDHEQtXTJZKZJKpz+X69SFv49RTSHHc/BMDi38qo=
github.com/humamfauzi/go-notification/database v0.0.0-20210306133504-7520162a27e2/go.mod h1:/8jegcWEJuCR0ToLCGrY/8CzVojGQN73bdNckrKrTTE=
github.com/humamfauzi/go-notification/database v0.0.0-20210306134619-063397577883 h1:rifHL0gwNNtaqRmYoS61cv+Yf+i8fn3giZrfV6+UOq8=
github.com/humamfauzi/go-notification/database v0.0.0-20210306134619-063397577883/go.mod h1:/8jegcWEJuCR0ToLCGrY/8CzVojGQN73bdNckrKrTTE=
github.com/humamfauzi/go-notification/database v0.0.0-20210306134900-227874d45ca6 h1:eOmjEGkzyoCmxXopRB62Tc/S7zj7km311C9GwZSX7DI=
github.com/humamfauzi/go-notification/database v0.0.0-20210306134900-227874d45ca6/go.mod h1:/8jegcWEJuCR0ToLCGrY/8CzVojGQN73bdNckrKrTTE=
github.com/humamfauzi/go-notification/database v0.0.0-20210307032418-2ca3d3971ebc h1:Y4AH2sr7eF/mPbeRPQaUFhNnJTVTftO1oMJtHJOwCOY=
github.com/humamfauzi/go-notification/database v0.0.0-20210307032418-2ca3d3971ebc/go.mod h1:/8jegcWEJuCR0ToLCGrY/8CzVojGQN73bdNckrKrTTE=
github.com/humamfauzi/go-notification/handler v0.0.0-20210213132148-3b61e058e1fa/go.mod h1:BjJZuXddpuu4PiT3eOLjDVuUPTUgdzoLwC1xkqF0cjk=
github.com/humamfauzi/go-notification/utils v0.0.0-20210212142004-dd44a4e9354f/go.mod h1:Ij+iBPIBIGArmxmC+TFTU7DB5hGfifagm0EVS+bPTpo=
github.com/humamfauzi/go-notification/utils v0.0.0-20210213132805-d214952f3fa7 h1:84sZ/KKYpsCNouYFv2Sk3WMSpuyAELtKFIMZHLuCpIc=
github.com/humamfauzi/go-notification/utils v0.0.0-20210213132805-d214952f3fa7/go.mod h1:Ij+iBPIBIGArmxmC+TFTU7DB5hGfifagm0EVS+bPTpo=
golang.org/x/crypto v0.0.0-20190308221718-c2843e01d9a2/go.mod h1:djNgcEr1/C05ACkg1iLfiJU5Ep61QUkGW8qpdssI0+w=
golang.org/x/crypto v0.0.0-20201221181555-eec23a3978ad h1:DN0cp81fZ3njFcrLCytUHRSUkqBjfTo4Tx9RJTWs0EY=
golang.org/x/crypto v0.0.0-20201221181555-eec23a3978ad/go.mod h1:jdWPYTVW3xRLrWPugEBEK3UY2ZEsg3UU495nc5E+M+I=
golang.org/x/net v0.0.0-20190404232315-eb5bcb51f2a3/go.mod h1:t9HGtf8HONx5eT2rtn7q6eTqICYqUVnKs3thJo3Qplg=
golang.org/x/sys v0.0.0-20190215142949-d0b11bdaac8a/go.mod h1:STP8DvDyc/dI5b8T5hshtkjS+E42TnysNCUPdjciGhY=
golang.org/x/sys v0.0.0-20191026070338-33540a1f6037/go.mod h1:h1NjWce9XRLGQEsW7wpKNCjG9DtNlClVuFLEZdDNbEs=
golang.org/x/term v0.0.0-20201117132131-f5c789dd3221/go.mod h1:Nr5EML6q2oocZ2LXRh80K7BxOlk5/8JxuGnuhpl+muw=
golang.org/x/text v0.3.0/go.mod h1:NqM8EUOU14njkJ3fqMW+pc6Ldnwhi/IjpwHt7yyuwOQ=
